
Microsoft Visual Studio Solution File, Format Version 12.00
# Visual Studio Version 17
VisualStudioVersion = 17.0.32126.317
MinimumVisualStudioVersion = 10.0.40219.1
Project("{FAE04EC0-301F-11D3-BF4B-00C04F79EFBC}") = "SailwindModdingHelper", "SailwindModdingHelper\SailwindModdingHelper.csproj", "{F34626FA-B087-4A62-8ACF-074CAD5B7565}"
EndProject
Global
	GlobalSection(SolutionConfigurationPlatforms) = preSolution
		Debug|Any CPU = Debug|Any CPU
		Release|Any CPU = Release|Any CPU
	EndGlobalSection
	GlobalSection(ProjectConfigurationPlatforms) = postSolution
		{F34626FA-B087-4A62-8ACF-074CAD5B7565}.Debug|Any CPU.ActiveCfg = Debug|Any CPU
		{F34626FA-B087-4A62-8ACF-074CAD5B7565}.Debug|Any CPU.Build.0 = Debug|Any CPU
		{F34626FA-B087-4A62-8ACF-074CAD5B7565}.Release|Any CPU.ActiveCfg = Release|Any CPU
		{F34626FA-B087-4A62-8ACF-074CAD5B7565}.Release|Any CPU.Build.0 = Release|Any CPU
	EndGlobalSection
	GlobalSection(SolutionProperties) = preSolution
		HideSolutionNode = FALSE
	EndGlobalSection
	GlobalSection(ExtensibilityGlobals) = postSolution
		SolutionGuid = {D4B691A1-928F-49E2-969F-D7AF4CFA7428}
	EndGlobalSection
EndGlobal
