
Microsoft Visual Studio Solution File, Format Version 12.00
# Visual Studio Version 17
VisualStudioVersion = 17.0.32126.317
MinimumVisualStudioVersion = 10.0.40219.1
Project("{FAE04EC0-301F-11D3-BF4B-00C04F79EFBC}") = "SleepImprovement", "SleepImprovement\SleepImprovement.csproj", "{E9F06AAA-EEC3-4220-A55D-12C140CEA4C7}"
EndProject
Global
	GlobalSection(SolutionConfigurationPlatforms) = preSolution
		Debug|Any CPU = Debug|Any CPU
		Release|Any CPU = Release|Any CPU
	EndGlobalSection
	GlobalSection(ProjectConfigurationPlatforms) = postSolution
		{E9F06AAA-EEC3-4220-A55D-12C140CEA4C7}.Debug|Any CPU.ActiveCfg = Debug|Any CPU
		{E9F06AAA-EEC3-4220-A55D-12C140CEA4C7}.Debug|Any CPU.Build.0 = Debug|Any CPU
		{E9F06AAA-EEC3-4220-A55D-12C140CEA4C7}.Release|Any CPU.ActiveCfg = Release|Any CPU
		{E9F06AAA-EEC3-4220-A55D-12C140CEA4C7}.Release|Any CPU.Build.0 = Release|Any CPU
	EndGlobalSection
	GlobalSection(SolutionProperties) = preSolution
		HideSolutionNode = FALSE
	EndGlobalSection
	GlobalSection(ExtensibilityGlobals) = postSolution
		SolutionGuid = {3C9546D2-120B-4947-8B79-8F03896BD2DC}
	EndGlobalSection
EndGlobal
